// !$*UTF8*$!
{
	archiveVersion = 1;
	classes = {
	};
	objectVersion = 56;
	objects = {

/* Begin PBXBuildFile section */
		3EB6269C2AA79E6B002DA515 /* AppDelegate.swift in Sources */ = {isa = PBXBuildFile; fileRef = 3EB6269B2AA79E6B002DA515 /* AppDelegate.swift */; };
		3EB6269E2AA79E6B002DA515 /* SceneDelegate.swift in Sources */ = {isa = PBXBuildFile; fileRef = 3EB6269D2AA79E6B002DA515 /* SceneDelegate.swift */; };
		3EB626A02AA79E6B002DA515 /* ViewController.swift in Sources */ = {isa = PBXBuildFile; fileRef = 3EB6269F2AA79E6B002DA515 /* ViewController.swift */; };
		3EB626A32AA79E6B002DA515 /* Main.storyboard in Resources */ = {isa = PBXBuildFile; fileRef = 3EB626A12AA79E6B002DA515 /* Main.storyboard */; };
		3EB626A52AA79E6C002DA515 /* Assets.xcassets in Resources */ = {isa = PBXBuildFile; fileRef = 3EB626A42AA79E6C002DA515 /* Assets.xcassets */; };
		3EB626A82AA79E6C002DA515 /* LaunchScreen.storyboard in Resources */ = {isa = PBXBuildFile; fileRef = 3EB626A62AA79E6C002DA515 /* LaunchScreen.storyboard */; };
		3EB626B32AA79E6C002DA515 /* Voting_AppTests.swift in Sources */ = {isa = PBXBuildFile; fileRef = 3EB626B22AA79E6C002DA515 /* Voting_AppTests.swift */; };
		3EB626BD2AA79E6C002DA515 /* Voting_AppUITests.swift in Sources */ = {isa = PBXBuildFile; fileRef = 3EB626BC2AA79E6C002DA515 /* Voting_AppUITests.swift */; };
		3EB626BF2AA79E6C002DA515 /* Voting_AppUITestsLaunchTests.swift in Sources */ = {isa = PBXBuildFile; fileRef = 3EB626BE2AA79E6C002DA515 /* Voting_AppUITestsLaunchTests.swift */; };
/* End PBXBuildFile section */

/* Begin PBXContainerItemProxy section */
		3EB626AF2AA79E6C002DA515 /* PBXContainerItemProxy */ = {
			isa = PBXContainerItemProxy;
			containerPortal = 3EB626902AA79E6B002DA515 /* Project object */;
			proxyType = 1;
			remoteGlobalIDString = 3EB626972AA79E6B002DA515;
			remoteInfo = "Voting App";
		};
		3EB626B92AA79E6C002DA515 /* PBXContainerItemProxy */ = {
			isa = PBXContainerItemProxy;
			containerPortal = 3EB626902AA79E6B002DA515 /* Project object */;
			proxyType = 1;
			remoteGlobalIDString = 3EB626972AA79E6B002DA515;
			remoteInfo = "Voting App";
		};
/* End PBXContainerItemProxy section */

/* Begin PBXFileReference section */
		3EB626982AA79E6B002DA515 /* Voting App.app */ = {isa = PBXFileReference; explicitFileType = wrapper.application; includeInIndex = 0; path = "Voting App.app"; sourceTree = BUILT_PRODUCTS_DIR; };
		3EB6269B2AA79E6B002DA515 /* AppDelegate.swift */ = {isa = PBXFileReference; lastKnownFileType = sourcecode.swift; path = AppDelegate.swift; sourceTree = "<group>"; };
		3EB6269D2AA79E6B002DA515 /* SceneDelegate.swift */ = {isa = PBXFileReference; lastKnownFileType = sourcecode.swift; path = SceneDelegate.swift; sourceTree = "<group>"; };
		3EB6269F2AA79E6B002DA515 /* ViewController.swift */ = {isa = PBXFileReference; lastKnownFileType = sourcecode.swift; path = ViewController.swift; sourceTree = "<group>"; };
		3EB626A22AA79E6B002DA515 /* Base */ = {isa = PBXFileReference; lastKnownFileType = file.storyboard; name = Base; path = Base.lproj/Main.storyboard; sourceTree = "<group>"; };
		3EB626A42AA79E6C002DA515 /* Assets.xcassets */ = {isa = PBXFileReference; lastKnownFileType = folder.assetcatalog; path = Assets.xcassets; sourceTree = "<group>"; };
		3EB626A72AA79E6C002DA515 /* Base */ = {isa = PBXFileReference; lastKnownFileType = file.storyboard; name = Base; path = Base.lproj/LaunchScreen.storyboard; sourceTree = "<group>"; };
		3EB626A92AA79E6C002DA515 /* Info.plist */ = {isa = PBXFileReference; lastKnownFileType = text.plist.xml; path = Info.plist; sourceTree = "<group>"; };
		3EB626AE2AA79E6C002DA515 /* Voting AppTests.xctest */ = {isa = PBXFileReference; explicitFileType = wrapper.cfbundle; includeInIndex = 0; path = "Voting AppTests.xctest"; sourceTree = BUILT_PRODUCTS_DIR; };
		3EB626B22AA79E6C002DA515 /* Voting_AppTests.swift */ = {isa = PBXFileReference; lastKnownFileType = sourcecode.swift; path = Voting_AppTests.swift; sourceTree = "<group>"; };
		3EB626B82AA79E6C002DA515 /* Voting AppUITests.xctest */ = {isa = PBXFileReference; explicitFileType = wrapper.cfbundle; includeInIndex = 0; path = "Voting AppUITests.xctest"; sourceTree = BUILT_PRODUCTS_DIR; };
		3EB626BC2AA79E6C002DA515 /* Voting_AppUITests.swift */ = {isa = PBXFileReference; lastKnownFileType = sourcecode.swift; path = Voting_AppUITests.swift; sourceTree = "<group>"; };
		3EB626BE2AA79E6C002DA515 /* Voting_AppUITestsLaunchTests.swift */ = {isa = PBXFileReference; lastKnownFileType = sourcecode.swift; path = Voting_AppUITestsLaunchTests.swift; sourceTree = "<group>"; };
/* End PBXFileReference section */

/* Begin PBXFrameworksBuildPhase section */
		3EB626952AA79E6B002DA515 /* Frameworks */ = {
			isa = PBXFrameworksBuildPhase;
			buildActionMask = 2147483647;
			files = (
			);
			runOnlyForDeploymentPostprocessing = 0;
		};
		3EB626AB2AA79E6C002DA515 /* Frameworks */ = {
			isa = PBXFrameworksBuildPhase;
			buildActionMask = 2147483647;
			files = (
			);
			runOnlyForDeploymentPostprocessing = 0;
		};
		3EB626B52AA79E6C002DA515 /* Frameworks */ = {
			isa = PBXFrameworksBuildPhase;
			buildActionMask = 2147483647;
			files = (
			);
			runOnlyForDeploymentPostprocessing = 0;
		};
/* End PBXFrameworksBuildPhase section */

/* Begin PBXGroup section */
		3EB6268F2AA79E6B002DA515 = {
			isa = PBXGroup;
			children = (
				3EB6269A2AA79E6B002DA515 /* Voting App */,
				3EB626B12AA79E6C002DA515 /* Voting AppTests */,
				3EB626BB2AA79E6C002DA515 /* Voting AppUITests */,
				3EB626992AA79E6B002DA515 /* Products */,
			);
			sourceTree = "<group>";
		};
		3EB626992AA79E6B002DA515 /* Products */ = {
			isa = PBXGroup;
			children = (
				3EB626982AA79E6B002DA515 /* Voting App.app */,
				3EB626AE2AA79E6C002DA515 /* Voting AppTests.xctest */,
				3EB626B82AA79E6C002DA515 /* Voting AppUITests.xctest */,
			);
			name = Products;
			sourceTree = "<group>";
		};
		3EB6269A2AA79E6B002DA515 /* Voting App */ = {
			isa = PBXGroup;
			children = (
				3EB6269B2AA79E6B002DA515 /* AppDelegate.swift */,
				3EB6269D2AA79E6B002DA515 /* SceneDelegate.swift */,
				3EB6269F2AA79E6B002DA515 /* ViewController.swift */,
				3EB626A12AA79E6B002DA515 /* Main.storyboard */,
				3EB626A42AA79E6C002DA515 /* Assets.xcassets */,
				3EB626A62AA79E6C002DA515 /* LaunchScreen.storyboard */,
				3EB626A92AA79E6C002DA515 /* Info.plist */,
			);
			path = "Voting App";
			sourceTree = "<group>";
		};
		3EB626B12AA79E6C002DA515 /* Voting AppTests */ = {
			isa = PBXGroup;
			children = (
				3EB626B22AA79E6C002DA515 /* Voting_AppTests.swift */,
			);
			path = "Voting AppTests";
			sourceTree = "<group>";
		};
		3EB626BB2AA79E6C002DA515 /* Voting AppUITests */ = {
			isa = PBXGroup;
			children = (
				3EB626BC2AA79E6C002DA515 /* Voting_AppUITests.swift */,
				3EB626BE2AA79E6C002DA515 /* Voting_AppUITestsLaunchTests.swift */,
			);
			path = "Voting AppUITests";
			sourceTree = "<group>";
		};
/* End PBXGroup section */

/* Begin PBXNativeTarget section */
		3EB626972AA79E6B002DA515 /* Voting App */ = {
			isa = PBXNativeTarget;
			buildConfigurationList = 3EB626C22AA79E6C002DA515 /* Build configuration list for PBXNativeTarget "Voting App" */;
			buildPhases = (
				3EB626942AA79E6B002DA515 /* Sources */,
				3EB626952AA79E6B002DA515 /* Frameworks */,
				3EB626962AA79E6B002DA515 /* Resources */,
			);
			buildRules = (
			);
			dependencies = (
			);
			name = "Voting App";
			productName = "Voting App";
			productReference = 3EB626982AA79E6B002DA515 /* Voting App.app */;
			productType = "com.apple.product-type.application";
		};
		3EB626AD2AA79E6C002DA515 /* Voting AppTests */ = {
			isa = PBXNativeTarget;
			buildConfigurationList = 3EB626C52AA79E6C002DA515 /* Build configuration list for PBXNativeTarget "Voting AppTests" */;
			buildPhases = (
				3EB626AA2AA79E6C002DA515 /* Sources */,
				3EB626AB2AA79E6C002DA515 /* Frameworks */,
				3EB626AC2AA79E6C002DA515 /* Resources */,
			);
			buildRules = (
			);
			dependencies = (
				3EB626B02AA79E6C002DA515 /* PBXTargetDependency */,
			);
			name = "Voting AppTests";
			productName = "Voting AppTests";
			productReference = 3EB626AE2AA79E6C002DA515 /* Voting AppTests.xctest */;
			productType = "com.apple.product-type.bundle.unit-test";
		};
		3EB626B72AA79E6C002DA515 /* Voting AppUITests */ = {
			isa = PBXNativeTarget;
			buildConfigurationList = 3EB626C82AA79E6C002DA515 /* Build configuration list for PBXNativeTarget "Voting AppUITests" */;
			buildPhases = (
				3EB626B42AA79E6C002DA515 /* Sources */,
				3EB626B52AA79E6C002DA515 /* Frameworks */,
				3EB626B62AA79E6C002DA515 /* Resources */,
			);
			buildRules = (
			);
			dependencies = (
				3EB626BA2AA79E6C002DA515 /* PBXTargetDependency */,
			);
			name = "Voting AppUITests";
			productName = "Voting AppUITests";
			productReference = 3EB626B82AA79E6C002DA515 /* Voting AppUITests.xctest */;
			productType = "com.apple.product-type.bundle.ui-testing";
		};
/* End PBXNativeTarget section */

/* Begin PBXProject section */
		3EB626902AA79E6B002DA515 /* Project object */ = {
			isa = PBXProject;
			attributes = {
				BuildIndependentTargetsInParallel = 1;
				LastSwiftUpdateCheck = 1430;
				LastUpgradeCheck = 1430;
				TargetAttributes = {
					3EB626972AA79E6B002DA515 = {
						CreatedOnToolsVersion = 14.3.1;
					};
					3EB626AD2AA79E6C002DA515 = {
						CreatedOnToolsVersion = 14.3.1;
						TestTargetID = 3EB626972AA79E6B002DA515;
					};
					3EB626B72AA79E6C002DA515 = {
						CreatedOnToolsVersion = 14.3.1;
						TestTargetID = 3EB626972AA79E6B002DA515;
					};
				};
			};
			buildConfigurationList = 3EB626932AA79E6B002DA515 /* Build configuration list for PBXProject "Voting App" */;
			compatibilityVersion = "Xcode 14.0";
			developmentRegion = en;
			hasScannedForEncodings = 0;
			knownRegions = (
				en,
				Base,
			);
			mainGroup = 3EB6268F2AA79E6B002DA515;
			productRefGroup = 3EB626992AA79E6B002DA515 /* Products */;
			projectDirPath = "";
			projectRoot = "";
			targets = (
				3EB626972AA79E6B002DA515 /* Voting App */,
				3EB626AD2AA79E6C002DA515 /* Voting AppTests */,
				3EB626B72AA79E6C002DA515 /* Voting AppUITests */,
			);
		};
/* End PBXProject section */

/* Begin PBXResourcesBuildPhase section */
		3EB626962AA79E6B002DA515 /* Resources */ = {
			isa = PBXResourcesBuildPhase;
			buildActionMask = 2147483647;
			files = (
				3EB626A82AA79E6C002DA515 /* LaunchScreen.storyboard in Resources */,
				3EB626A52AA79E6C002DA515 /* Assets.xcassets in Resources */,
				3EB626A32AA79E6B002DA515 /* Main.storyboard in Resources */,
			);
			runOnlyForDeploymentPostprocessing = 0;
		};
		3EB626AC2AA79E6C002DA515 /* Resources */ = {
			isa = PBXResourcesBuildPhase;
			buildActionMask = 2147483647;
			files = (
			);
			runOnlyForDeploymentPostprocessing = 0;
		};
		3EB626B62AA79E6C002DA515 /* Resources */ = {
			isa = PBXResourcesBuildPhase;
			buildActionMask = 2147483647;
			files = (
			);
			runOnlyForDeploymentPostprocessing = 0;
		};
/* End PBXResourcesBuildPhase section */

/* Begin PBXSourcesBuildPhase section */
		3EB626942AA79E6B002DA515 /* Sources */ = {
			isa = PBXSourcesBuildPhase;
			buildActionMask = 2147483647;
			files = (
				3EB626A02AA79E6B002DA515 /* ViewController.swift in Sources */,
				3EB6269C2AA79E6B002DA515 /* AppDelegate.swift in Sources */,
				3EB6269E2AA79E6B002DA515 /* SceneDelegate.swift in Sources */,
			);
			runOnlyForDeploymentPostprocessing = 0;
		};
		3EB626AA2AA79E6C002DA515 /* Sources */ = {
			isa = PBXSourcesBuildPhase;
			buildActionMask = 2147483647;
			files = (
				3EB626B32AA79E6C002DA515 /* Voting_AppTests.swift in Sources */,
			);
			runOnlyForDeploymentPostprocessing = 0;
		};
		3EB626B42AA79E6C002DA515 /* Sources */ = {
			isa = PBXSourcesBuildPhase;
			buildActionMask = 2147483647;
			files = (
				3EB626BD2AA79E6C002DA515 /* Voting_AppUITests.swift in Sources */,
				3EB626BF2AA79E6C002DA515 /* Voting_AppUITestsLaunchTests.swift in Sources */,
			);
			runOnlyForDeploymentPostprocessing = 0;
		};
/* End PBXSourcesBuildPhase section */

/* Begin PBXTargetDependency section */
		3EB626B02AA79E6C002DA515 /* PBXTargetDependency */ = {
			isa = PBXTargetDependency;
			target = 3EB626972AA79E6B002DA515 /* Voting App */;
			targetProxy = 3EB626AF2AA79E6C002DA515 /* PBXContainerItemProxy */;
		};
		3EB626BA2AA79E6C002DA515 /* PBXTargetDependency */ = {
			isa = PBXTargetDependency;
			target = 3EB626972AA79E6B002DA515 /* Voting App */;
			targetProxy = 3EB626B92AA79E6C002DA515 /* PBXContainerItemProxy */;
		};
/* End PBXTargetDependency section */

/* Begin PBXVariantGroup section */
		3EB626A12AA79E6B002DA515 /* Main.storyboard */ = {
			isa = PBXVariantGroup;
			children = (
				3EB626A22AA79E6B002DA515 /* Base */,
			);
			name = Main.storyboard;
			sourceTree = "<group>";
		};
		3EB626A62AA79E6C002DA515 /* LaunchScreen.storyboard */ = {
			isa = PBXVariantGroup;
			children = (
				3EB626A72AA79E6C002DA515 /* Base */,
			);
			name = LaunchScreen.storyboard;
			sourceTree = "<group>";
		};
/* End PBXVariantGroup section */

/* Begin XCBuildConfiguration section */
		3EB626C02AA79E6C002DA515 /* Debug */ = {
			isa = XCBuildConfiguration;
			buildSettings = {
				ALWAYS_SEARCH_USER_PATHS = NO;
				CLANG_ANALYZER_NONNULL = YES;
				CLANG_ANALYZER_NUMBER_OBJECT_CONVERSION = YES_AGGRESSIVE;
				CLANG_CXX_LANGUAGE_STANDARD = "gnu++20";
				CLANG_ENABLE_MODULES = YES;
				CLANG_ENABLE_OBJC_ARC = YES;
				CLANG_ENABLE_OBJC_WEAK = YES;
				CLANG_WARN_BLOCK_CAPTURE_AUTORELEASING = YES;
				CLANG_WARN_BOOL_CONVERSION = YES;
				CLANG_WARN_COMMA = YES;
				CLANG_WARN_CONSTANT_CONVERSION = YES;
				CLANG_WARN_DEPRECATED_OBJC_IMPLEMENTATIONS = YES;
				CLANG_WARN_DIRECT_OBJC_ISA_USAGE = YES_ERROR;
				CLANG_WARN_DOCUMENTATION_COMMENTS = YES;
				CLANG_WARN_EMPTY_BODY = YES;
				CLANG_WARN_ENUM_CONVERSION = YES;
				CLANG_WARN_INFINITE_RECURSION = YES;
				CLANG_WARN_INT_CONVERSION = YES;
				CLANG_WARN_NON_LITERAL_NULL_CONVERSION = YES;
				CLANG_WARN_OBJC_IMPLICIT_RETAIN_SELF = YES;
				CLANG_WARN_OBJC_LITERAL_CONVERSION = YES;
				CLANG_WARN_OBJC_ROOT_CLASS = YES_ERROR;
				CLANG_WARN_QUOTED_INCLUDE_IN_FRAMEWORK_HEADER = YES;
				CLANG_WARN_RANGE_LOOP_ANALYSIS = YES;
				CLANG_WARN_STRICT_PROTOTYPES = YES;
				CLANG_WARN_SUSPICIOUS_MOVE = YES;
				CLANG_WARN_UNGUARDED_AVAILABILITY = YES_AGGRESSIVE;
				CLANG_WARN_UNREACHABLE_CODE = YES;
				CLANG_WARN__DUPLICATE_METHOD_MATCH = YES;
				COPY_PHASE_STRIP = NO;
				DEBUG_INFORMATION_FORMAT = dwarf;
				ENABLE_STRICT_OBJC_MSGSEND = YES;
				ENABLE_TESTABILITY = YES;
				GCC_C_LANGUAGE_STANDARD = gnu11;
				GCC_DYNAMIC_NO_PIC = NO;
				GCC_NO_COMMON_BLOCKS = YES;
				GCC_OPTIMIZATION_LEVEL = 0;
				GCC_PREPROCESSOR_DEFINITIONS = (
					"DEBUG=1",
					"$(inherited)",
				);
				GCC_WARN_64_TO_32_BIT_CONVERSION = YES;
				GCC_WARN_ABOUT_RETURN_TYPE = YES_ERROR;
				GCC_WARN_UNDECLARED_SELECTOR = YES;
				GCC_WARN_UNINITIALIZED_AUTOS = YES_AGGRESSIVE;
				GCC_WARN_UNUSED_FUNCTION = YES;
				GCC_WARN_UNUSED_VARIABLE = YES;
				IPHONEOS_DEPLOYMENT_TARGET = 16.4;
				MTL_ENABLE_DEBUG_INFO = INCLUDE_SOURCE;
				MTL_FAST_MATH = YES;
				ONLY_ACTIVE_ARCH = YES;
				SDKROOT = iphoneos;
				SWIFT_ACTIVE_COMPILATION_CONDITIONS = DEBUG;
				SWIFT_OPTIMIZATION_LEVEL = "-Onone";
			};
			name = Debug;
		};
		3EB626C12AA79E6C002DA515 /* Release */ = {
			isa = XCBuildConfiguration;
			buildSettings = {
				ALWAYS_SEARCH_USER_PATHS = NO;
				CLANG_ANALYZER_NONNULL = YES;
				CLANG_ANALYZER_NUMBER_OBJECT_CONVERSION = YES_AGGRESSIVE;
				CLANG_CXX_LANGUAGE_STANDARD = "gnu++20";
				CLANG_ENABLE_MODULES = YES;
				CLANG_ENABLE_OBJC_ARC = YES;
				CLANG_ENABLE_OBJC_WEAK = YES;
				CLANG_WARN_BLOCK_CAPTURE_AUTORELEASING = YES;
				CLANG_WARN_BOOL_CONVERSION = YES;
				CLANG_WARN_COMMA = YES;
				CLANG_WARN_CONSTANT_CONVERSION = YES;
				CLANG_WARN_DEPRECATED_OBJC_IMPLEMENTATIONS = YES;
				CLANG_WARN_DIRECT_OBJC_ISA_USAGE = YES_ERROR;
				CLANG_WARN_DOCUMENTATION_COMMENTS = YES;
				CLANG_WARN_EMPTY_BODY = YES;
				CLANG_WARN_ENUM_CONVERSION = YES;
				CLANG_WARN_INFINITE_RECURSION = YES;
				CLANG_WARN_INT_CONVERSION = YES;
				CLANG_WARN_NON_LITERAL_NULL_CONVERSION = YES;
				CLANG_WARN_OBJC_IMPLICIT_RETAIN_SELF = YES;
				CLANG_WARN_OBJC_LITERAL_CONVERSION = YES;
				CLANG_WARN_OBJC_ROOT_CLASS = YES_ERROR;
				CLANG_WARN_QUOTED_INCLUDE_IN_FRAMEWORK_HEADER = YES;
				CLANG_WARN_RANGE_LOOP_ANALYSIS = YES;
				CLANG_WARN_STRICT_PROTOTYPES = YES;
				CLANG_WARN_SUSPICIOUS_MOVE = YES;
				CLANG_WARN_UNGUARDED_AVAILABILITY = YES_AGGRESSIVE;
				CLANG_WARN_UNREACHABLE_CODE = YES;
				CLANG_WARN__DUPLICATE_METHOD_MATCH = YES;
				COPY_PHASE_STRIP = NO;
				DEBUG_INFORMATION_FORMAT = "dwarf-with-dsym";
				ENABLE_NS_ASSERTIONS = NO;
				ENABLE_STRICT_OBJC_MSGSEND = YES;
				GCC_C_LANGUAGE_STANDARD = gnu11;
				GCC_NO_COMMON_BLOCKS = YES;
				GCC_WARN_64_TO_32_BIT_CONVERSION = YES;
				GCC_WARN_ABOUT_RETURN_TYPE = YES_ERROR;
				GCC_WARN_UNDECLARED_SELECTOR = YES;
				GCC_WARN_UNINITIALIZED_AUTOS = YES_AGGRESSIVE;
				GCC_WARN_UNUSED_FUNCTION = YES;
				GCC_WARN_UNUSED_VARIABLE = YES;
				IPHONEOS_DEPLOYMENT_TARGET = 16.4;
				MTL_ENABLE_DEBUG_INFO = NO;
				MTL_FAST_MATH = YES;
				SDKROOT = iphoneos;
				SWIFT_COMPILATION_MODE = wholemodule;
				SWIFT_OPTIMIZATION_LEVEL = "-O";
				VALIDATE_PRODUCT = YES;
			};
			name = Release;
		};
		3EB626C32AA79E6C002DA515 /* Debug */ = {
			isa = XCBuildConfiguration;
			buildSettings = {
				ASSETCATALOG_COMPILER_APPICON_NAME = AppIcon;
				ASSETCATALOG_COMPILER_GLOBAL_ACCENT_COLOR_NAME = AccentColor;
				CODE_SIGN_STYLE = Automatic;
				CURRENT_PROJECT_VERSION = 1;
				GENERATE_INFOPLIST_FILE = YES;
				INFOPLIST_FILE = "Voting App/Info.plist";
				INFOPLIST_KEY_UIApplicationSupportsIndirectInputEvents = YES;
				INFOPLIST_KEY_UILaunchStoryboardName = LaunchScreen;
				INFOPLIST_KEY_UIMainStoryboardFile = Main;
				INFOPLIST_KEY_UISupportedInterfaceOrientations_iPad = "UIInterfaceOrientationPortrait UIInterfaceOrientationPortraitUpsideDown UIInterfaceOrientationLandscapeLeft UIInterfaceOrientationLandscapeRight";
				INFOPLIST_KEY_UISupportedInterfaceOrientations_iPhone = "UIInterfaceOrientationPortrait UIInterfaceOrientationLandscapeLeft UIInterfaceOrientationLandscapeRight";
				LD_RUNPATH_SEARCH_PATHS = (
					"$(inherited)",
					"@executable_path/Frameworks",
				);
				MARKETING_VERSION = 1.0;
				PRODUCT_BUNDLE_IDENTIFIER = "nwmissouri.edu.Voting-App";
				PRODUCT_NAME = "$(TARGET_NAME)";
				SWIFT_EMIT_LOC_STRINGS = YES;
				SWIFT_VERSION = 5.0;
				TARGETED_DEVICE_FAMILY = "1,2";
			};
			name = Debug;
		};
		3EB626C42AA79E6C002DA515 /* Release */ = {
			isa = XCBuildConfiguration;
			buildSettings = {
				ASSETCATALOG_COMPILER_APPICON_NAME = AppIcon;
				ASSETCATALOG_COMPILER_GLOBAL_ACCENT_COLOR_NAME = AccentColor;
				CODE_SIGN_STYLE = Automatic;
				CURRENT_PROJECT_VERSION = 1;
				GENERATE_INFOPLIST_FILE = YES;
				INFOPLIST_FILE = "Voting App/Info.plist";
				INFOPLIST_KEY_UIApplicationSupportsIndirectInputEvents = YES;
				INFOPLIST_KEY_UILaunchStoryboardName = LaunchScreen;
				INFOPLIST_KEY_UIMainStoryboardFile = Main;
				INFOPLIST_KEY_UISupportedInterfaceOrientations_iPad = "UIInterfaceOrientationPortrait UIInterfaceOrientationPortraitUpsideDown UIInterfaceOrientationLandscapeLeft UIInterfaceOrientationLandscapeRight";
				INFOPLIST_KEY_UISupportedInterfaceOrientations_iPhone = "UIInterfaceOrientationPortrait UIInterfaceOrientationLandscapeLeft UIInterfaceOrientationLandscapeRight";
				LD_RUNPATH_SEARCH_PATHS = (
					"$(inherited)",
					"@executable_path/Frameworks",
				);
				MARKETING_VERSION = 1.0;
				PRODUCT_BUNDLE_IDENTIFIER = "nwmissouri.edu.Voting-App";
				PRODUCT_NAME = "$(TARGET_NAME)";
				SWIFT_EMIT_LOC_STRINGS = YES;
				SWIFT_VERSION = 5.0;
				TARGETED_DEVICE_FAMILY = "1,2";
			};
			name = Release;
		};
		3EB626C62AA79E6C002DA515 /* Debug */ = {
			isa = XCBuildConfiguration;
			buildSettings = {
				ALWAYS_EMBED_SWIFT_STANDARD_LIBRARIES = YES;
				BUNDLE_LOADER = "$(TEST_HOST)";
				CODE_SIGN_STYLE = Automatic;
				CURRENT_PROJECT_VERSION = 1;
				GENERATE_INFOPLIST_FILE = YES;
				IPHONEOS_DEPLOYMENT_TARGET = 16.4;
				MARKETING_VERSION = 1.0;
				PRODUCT_BUNDLE_IDENTIFIER = "nwmissouri.edu.Voting-AppTests";
				PRODUCT_NAME = "$(TARGET_NAME)";
				SWIFT_EMIT_LOC_STRINGS = NO;
				SWIFT_VERSION = 5.0;
				TARGETED_DEVICE_FAMILY = "1,2";
				TEST_HOST = "$(BUILT_PRODUCTS_DIR)/Voting App.app/$(BUNDLE_EXECUTABLE_FOLDER_PATH)/Voting App";
			};
			name = Debug;
		};
		3EB626C72AA79E6C002DA515 /* Release */ = {
			isa = XCBuildConfiguration;
			buildSettings = {
				ALWAYS_EMBED_SWIFT_STANDARD_LIBRARIES = YES;
				BUNDLE_LOADER = "$(TEST_HOST)";
				CODE_SIGN_STYLE = Automatic;
				CURRENT_PROJECT_VERSION = 1;
				GENERATE_INFOPLIST_FILE = YES;
				IPHONEOS_DEPLOYMENT_TARGET = 16.4;
				MARKETING_VERSION = 1.0;
				PRODUCT_BUNDLE_IDENTIFIER = "nwmissouri.edu.Voting-AppTests";
				PRODUCT_NAME = "$(TARGET_NAME)";
				SWIFT_EMIT_LOC_STRINGS = NO;
				SWIFT_VERSION = 5.0;
				TARGETED_DEVICE_FAMILY = "1,2";
				TEST_HOST = "$(BUILT_PRODUCTS_DIR)/Voting App.app/$(BUNDLE_EXECUTABLE_FOLDER_PATH)/Voting App";
			};
			name = Release;
		};
		3EB626C92AA79E6C002DA515 /* Debug */ = {
			isa = XCBuildConfiguration;
			buildSettings = {
				ALWAYS_EMBED_SWIFT_STANDARD_LIBRARIES = YES;
				CODE_SIGN_STYLE = Automatic;
				CURRENT_PROJECT_VERSION = 1;
				GENERATE_INFOPLIST_FILE = YES;
				MARKETING_VERSION = 1.0;
				PRODUCT_BUNDLE_IDENTIFIER = "nwmissouri.edu.Voting-AppUITests";
				PRODUCT_NAME = "$(TARGET_NAME)";
				SWIFT_EMIT_LOC_STRINGS = NO;
				SWIFT_VERSION = 5.0;
				TARGETED_DEVICE_FAMILY = "1,2";
				TEST_TARGET_NAME = "Voting App";
			};
			name = Debug;
		};
		3EB626CA2AA79E6C002DA515 /* Release */ = {
			isa = XCBuildConfiguration;
			buildSettings = {
				ALWAYS_EMBED_SWIFT_STANDARD_LIBRARIES = YES;
				CODE_SIGN_STYLE = Automatic;
				CURRENT_PROJECT_VERSION = 1;
				GENERATE_INFOPLIST_FILE = YES;
				MARKETING_VERSION = 1.0;
				PRODUCT_BUNDLE_IDENTIFIER = "nwmissouri.edu.Voting-AppUITests";
				PRODUCT_NAME = "$(TARGET_NAME)";
				SWIFT_EMIT_LOC_STRINGS = NO;
				SWIFT_VERSION = 5.0;
				TARGETED_DEVICE_FAMILY = "1,2";
				TEST_TARGET_NAME = "Voting App";
			};
			name = Release;
		};
/* End XCBuildConfiguration section */

/* Begin XCConfigurationList section */
		3EB626932AA79E6B002DA515 /* Build configuration list for PBXProject "Voting App" */ = {
			isa = XCConfigurationList;
			buildConfigurations = (
				3EB626C02AA79E6C002DA515 /* Debug */,
				3EB626C12AA79E6C002DA515 /* Release */,
			);
			defaultConfigurationIsVisible = 0;
			defaultConfigurationName = Release;
		};
		3EB626C22AA79E6C002DA515 /* Build configuration list for PBXNativeTarget "Voting App" */ = {
			isa = XCConfigurationList;
			buildConfigurations = (
				3EB626C32AA79E6C002DA515 /* Debug */,
				3EB626C42AA79E6C002DA515 /* Release */,
			);
			defaultConfigurationIsVisible = 0;
			defaultConfigurationName = Release;
		};
		3EB626C52AA79E6C002DA515 /* Build configuration list for PBXNativeTarget "Voting AppTests" */ = {
			isa = XCConfigurationList;
			buildConfigurations = (
				3EB626C62AA79E6C002DA515 /* Debug */,
				3EB626C72AA79E6C002DA515 /* Release */,
			);
			defaultConfigurationIsVisible = 0;
			defaultConfigurationName = Release;
		};
		3EB626C82AA79E6C002DA515 /* Build configuration list for PBXNativeTarget "Voting AppUITests" */ = {
			isa = XCConfigurationList;
			buildConfigurations = (
				3EB626C92AA79E6C002DA515 /* Debug */,
				3EB626CA2AA79E6C002DA515 /* Release */,
			);
			defaultConfigurationIsVisible = 0;
			defaultConfigurationName = Release;
		};
/* End XCConfigurationList section */
	};
	rootObject = 3EB626902AA79E6B002DA515 /* Project object */;
}
